// !$*UTF8*$!
{
	archiveVersion = 1;
	classes = {
	};
	objectVersion = 46;
	objects = {

/* Begin PBXBuildFile section */
		7D13756F1E4E9477000A6A67 /* AppDelegate.swift in Sources */ = {isa = PBXBuildFile; fileRef = 7D13756E1E4E9477000A6A67 /* AppDelegate.swift */; };
		7D1375711E4E9477000A6A67 /* ViewController.swift in Sources */ = {isa = PBXBuildFile; fileRef = 7D1375701E4E9477000A6A67 /* ViewController.swift */; };
		7D1375741E4E9477000A6A67 /* Main.storyboard in Resources */ = {isa = PBXBuildFile; fileRef = 7D1375721E4E9477000A6A67 /* Main.storyboard */; };
		7D1375761E4E9477000A6A67 /* Assets.xcassets in Resources */ = {isa = PBXBuildFile; fileRef = 7D1375751E4E9477000A6A67 /* Assets.xcassets */; };
		7D1375791E4E9477000A6A67 /* LaunchScreen.storyboard in Resources */ = {isa = PBXBuildFile; fileRef = 7D1375771E4E9477000A6A67 /* LaunchScreen.storyboard */; };
		7D2F7FC11E4F1BC700C37F67 /* HombroTableViewController.swift in Sources */ = {isa = PBXBuildFile; fileRef = 7D2F7FC01E4F1BC700C37F67 /* HombroTableViewController.swift */; };
		7D2F7FC31E4F1D2600C37F67 /* Test.swift in Sources */ = {isa = PBXBuildFile; fileRef = 7D2F7FC21E4F1D2600C37F67 /* Test.swift */; };
		7D2F7FCB1E4F8E9600C37F67 /* HombroTableViewCell.swift in Sources */ = {isa = PBXBuildFile; fileRef = 7D2F7FCA1E4F8E9600C37F67 /* HombroTableViewCell.swift */; };
		7D32A1501E559F7A00535096 /* CodoTableViewController.swift in Sources */ = {isa = PBXBuildFile; fileRef = 7D32A14F1E559F7A00535096 /* CodoTableViewController.swift */; };
		7D32A1541E55A02D00535096 /* CodoTableViewCell.swift in Sources */ = {isa = PBXBuildFile; fileRef = 7D32A1531E55A02D00535096 /* CodoTableViewCell.swift */; };
		7D34A72C1E5724A800E447F4 /* DetailViewController.swift in Sources */ = {isa = PBXBuildFile; fileRef = 7D34A72B1E5724A800E447F4 /* DetailViewController.swift */; };
		7D3A29BD1E68D54000F3F61B /* PieTableViewCell.swift in Sources */ = {isa = PBXBuildFile; fileRef = 7D3A29BC1E68D54000F3F61B /* PieTableViewCell.swift */; };
		7D3A29BF1E68D57100F3F61B /* PieTableViewController.swift in Sources */ = {isa = PBXBuildFile; fileRef = 7D3A29BE1E68D57100F3F61B /* PieTableViewController.swift */; };
		7D3A29C11E68FCDA00F3F61B /* CaderaTableViewController.swift in Sources */ = {isa = PBXBuildFile; fileRef = 7D3A29C01E68FCDA00F3F61B /* CaderaTableViewController.swift */; };
		7D3A29C31E68FCEC00F3F61B /* RodillaTableViewController.swift in Sources */ = {isa = PBXBuildFile; fileRef = 7D3A29C21E68FCEC00F3F61B /* RodillaTableViewController.swift */; };
		7D3A29C51E68FD0400F3F61B /* LumbarTableViewController.swift in Sources */ = {isa = PBXBuildFile; fileRef = 7D3A29C41E68FD0400F3F61B /* LumbarTableViewController.swift */; };
		7D3A29C71E68FE5700F3F61B /* CaderaTableViewCell.swift in Sources */ = {isa = PBXBuildFile; fileRef = 7D3A29C61E68FE5700F3F61B /* CaderaTableViewCell.swift */; };
		7D3A29C91E68FE6D00F3F61B /* RodillaTableViewCell.swift in Sources */ = {isa = PBXBuildFile; fileRef = 7D3A29C81E68FE6D00F3F61B /* RodillaTableViewCell.swift */; };
		7D3A29CB1E68FE9600F3F61B /* LumbarTableViewCell.swift in Sources */ = {isa = PBXBuildFile; fileRef = 7D3A29CA1E68FE9600F3F61B /* LumbarTableViewCell.swift */; };
		7D650E401E7174A2003349EE /* infoViewController.swift in Sources */ = {isa = PBXBuildFile; fileRef = 7D650E3F1E7174A2003349EE /* infoViewController.swift */; };
		7D7AA1691E572CD500A5CA95 /* TestDetailViewCell.swift in Sources */ = {isa = PBXBuildFile; fileRef = 7D7AA1681E572CD500A5CA95 /* TestDetailViewCell.swift */; };
		7D7D97BD1E61A0FD009A8451 /* ManoTableViewController.swift in Sources */ = {isa = PBXBuildFile; fileRef = 7D7D97BC1E61A0FD009A8451 /* ManoTableViewController.swift */; };
		7D7D97BF1E61A263009A8451 /* ManoTableViewCell.swift in Sources */ = {isa = PBXBuildFile; fileRef = 7D7D97BE1E61A263009A8451 /* ManoTableViewCell.swift */; };
		7DA8E9E21E61B5180011A391 /* CervicalTableViewController.swift in Sources */ = {isa = PBXBuildFile; fileRef = 7DA8E9E11E61B5180011A391 /* CervicalTableViewController.swift */; };
		7DA8E9E41E61B59E0011A391 /* CervicalTableViewCell.swift in Sources */ = {isa = PBXBuildFile; fileRef = 7DA8E9E31E61B59E0011A391 /* CervicalTableViewCell.swift */; };
/* End PBXBuildFile section */

/* Begin PBXFileReference section */
		7D13756B1E4E9477000A6A67 /* FinalTests.app */ = {isa = PBXFileReference; explicitFileType = wrapper.application; includeInIndex = 0; path = FinalTests.app; sourceTree = BUILT_PRODUCTS_DIR; };
		7D13756E1E4E9477000A6A67 /* AppDelegate.swift */ = {isa = PBXFileReference; lastKnownFileType = sourcecode.swift; path = AppDelegate.swift; sourceTree = "<group>"; };
		7D1375701E4E9477000A6A67 /* ViewController.swift */ = {isa = PBXFileReference; lastKnownFileType = sourcecode.swift; path = ViewController.swift; sourceTree = "<group>"; };
		7D1375731E4E9477000A6A67 /* Base */ = {isa = PBXFileReference; lastKnownFileType = file.storyboard; name = Base; path = Base.lproj/Main.storyboard; sourceTree = "<group>"; };
		7D1375751E4E9477000A6A67 /* Assets.xcassets */ = {isa = PBXFileReference; lastKnownFileType = folder.assetcatalog; path = Assets.xcassets; sourceTree = "<group>"; };
		7D1375781E4E9477000A6A67 /* Base */ = {isa = PBXFileReference; lastKnownFileType = file.storyboard; name = Base; path = Base.lproj/LaunchScreen.storyboard; sourceTree = "<group>"; };
		7D13757A1E4E9477000A6A67 /* Info.plist */ = {isa = PBXFileReference; lastKnownFileType = text.plist.xml; path = Info.plist; sourceTree = "<group>"; };
		7D2F7FC01E4F1BC700C37F67 /* HombroTableViewController.swift */ = {isa = PBXFileReference; fileEncoding = 4; lastKnownFileType = sourcecode.swift; path = HombroTableViewController.swift; sourceTree = "<group>"; };
		7D2F7FC21E4F1D2600C37F67 /* Test.swift */ = {isa = PBXFileReference; fileEncoding = 4; lastKnownFileType = sourcecode.swift; path = Test.swift; sourceTree = "<group>"; };
		7D2F7FCA1E4F8E9600C37F67 /* HombroTableViewCell.swift */ = {isa = PBXFileReference; fileEncoding = 4; lastKnownFileType = sourcecode.swift; path = HombroTableViewCell.swift; sourceTree = "<group>"; };
		7D32A14F1E559F7A00535096 /* CodoTableViewController.swift */ = {isa = PBXFileReference; fileEncoding = 4; lastKnownFileType = sourcecode.swift; path = CodoTableViewController.swift; sourceTree = "<group>"; };
		7D32A1531E55A02D00535096 /* CodoTableViewCell.swift */ = {isa = PBXFileReference; fileEncoding = 4; lastKnownFileType = sourcecode.swift; path = CodoTableViewCell.swift; sourceTree = "<group>"; };
		7D34A72B1E5724A800E447F4 /* DetailViewController.swift */ = {isa = PBXFileReference; fileEncoding = 4; lastKnownFileType = sourcecode.swift; path = DetailViewController.swift; sourceTree = "<group>"; };
		7D3A29BC1E68D54000F3F61B /* PieTableViewCell.swift */ = {isa = PBXFileReference; fileEncoding = 4; lastKnownFileType = sourcecode.swift; path = PieTableViewCell.swift; sourceTree = "<group>"; };
		7D3A29BE1E68D57100F3F61B /* PieTableViewController.swift */ = {isa = PBXFileReference; fileEncoding = 4; lastKnownFileType = sourcecode.swift; path = PieTableViewController.swift; sourceTree = "<group>"; };
		7D3A29C01E68FCDA00F3F61B /* CaderaTableViewController.swift */ = {isa = PBXFileReference; fileEncoding = 4; lastKnownFileType = sourcecode.swift; path = CaderaTableViewController.swift; sourceTree = "<group>"; };
		7D3A29C21E68FCEC00F3F61B /* RodillaTableViewController.swift */ = {isa = PBXFileReference; fileEncoding = 4; lastKnownFileType = sourcecode.swift; path = RodillaTableViewController.swift; sourceTree = "<group>"; };
		7D3A29C41E68FD0400F3F61B /* LumbarTableViewController.swift */ = {isa = PBXFileReference; fileEncoding = 4; lastKnownFileType = sourcecode.swift; path = LumbarTableViewController.swift; sourceTree = "<group>"; };
		7D3A29C61E68FE5700F3F61B /* CaderaTableViewCell.swift */ = {isa = PBXFileReference; fileEncoding = 4; lastKnownFileType = sourcecode.swift; path = CaderaTableViewCell.swift; sourceTree = "<group>"; };
		7D3A29C81E68FE6D00F3F61B /* RodillaTableViewCell.swift */ = {isa = PBXFileReference; fileEncoding = 4; lastKnownFileType = sourcecode.swift; path = RodillaTableViewCell.swift; sourceTree = "<group>"; };
		7D3A29CA1E68FE9600F3F61B /* LumbarTableViewCell.swift */ = {isa = PBXFileReference; fileEncoding = 4; lastKnownFileType = sourcecode.swift; path = LumbarTableViewCell.swift; sourceTree = "<group>"; };
		7D650E3F1E7174A2003349EE /* infoViewController.swift */ = {isa = PBXFileReference; fileEncoding = 4; lastKnownFileType = sourcecode.swift; path = infoViewController.swift; sourceTree = "<group>"; };
		7D7AA1681E572CD500A5CA95 /* TestDetailViewCell.swift */ = {isa = PBXFileReference; fileEncoding = 4; lastKnownFileType = sourcecode.swift; path = TestDetailViewCell.swift; sourceTree = "<group>"; };
		7D7D97BC1E61A0FD009A8451 /* ManoTableViewController.swift */ = {isa = PBXFileReference; fileEncoding = 4; lastKnownFileType = sourcecode.swift; path = ManoTableViewController.swift; sourceTree = "<group>"; };
		7D7D97BE1E61A263009A8451 /* ManoTableViewCell.swift */ = {isa = PBXFileReference; fileEncoding = 4; lastKnownFileType = sourcecode.swift; path = ManoTableViewCell.swift; sourceTree = "<group>"; };
		7DA8E9E11E61B5180011A391 /* CervicalTableViewController.swift */ = {isa = PBXFileReference; fileEncoding = 4; lastKnownFileType = sourcecode.swift; path = CervicalTableViewController.swift; sourceTree = "<group>"; };
		7DA8E9E31E61B59E0011A391 /* CervicalTableViewCell.swift */ = {isa = PBXFileReference; fileEncoding = 4; lastKnownFileType = sourcecode.swift; path = CervicalTableViewCell.swift; sourceTree = "<group>"; };
/* End PBXFileReference section */

/* Begin PBXFrameworksBuildPhase section */
		7D1375681E4E9477000A6A67 /* Frameworks */ = {
			isa = PBXFrameworksBuildPhase;
			buildActionMask = 2147483647;
			files = (
			);
			runOnlyForDeploymentPostprocessing = 0;
		};
/* End PBXFrameworksBuildPhase section */

/* Begin PBXGroup section */
		7D1375621E4E9477000A6A67 = {
			isa = PBXGroup;
			children = (
				7D13756D1E4E9477000A6A67 /* FinalTests */,
				7D13756C1E4E9477000A6A67 /* Products */,
			);
			sourceTree = "<group>";
		};
		7D13756C1E4E9477000A6A67 /* Products */ = {
			isa = PBXGroup;
			children = (
				7D13756B1E4E9477000A6A67 /* FinalTests.app */,
			);
			name = Products;
			sourceTree = "<group>";
		};
		7D13756D1E4E9477000A6A67 /* FinalTests */ = {
			isa = PBXGroup;
			children = (
				7D13756E1E4E9477000A6A67 /* AppDelegate.swift */,
				7D2F7FC21E4F1D2600C37F67 /* Test.swift */,
				7D1375721E4E9477000A6A67 /* Main.storyboard */,
				7D1375701E4E9477000A6A67 /* ViewController.swift */,
				7D34A72B1E5724A800E447F4 /* DetailViewController.swift */,
				7D7AA1681E572CD500A5CA95 /* TestDetailViewCell.swift */,
				7DA8E9E11E61B5180011A391 /* CervicalTableViewController.swift */,
				7DA8E9E31E61B59E0011A391 /* CervicalTableViewCell.swift */,
				7D2F7FC01E4F1BC700C37F67 /* HombroTableViewController.swift */,
				7D2F7FCA1E4F8E9600C37F67 /* HombroTableViewCell.swift */,
				7D32A14F1E559F7A00535096 /* CodoTableViewController.swift */,
				7D32A1531E55A02D00535096 /* CodoTableViewCell.swift */,
				7D7D97BC1E61A0FD009A8451 /* ManoTableViewController.swift */,
				7D7D97BE1E61A263009A8451 /* ManoTableViewCell.swift */,
				7D3A29C41E68FD0400F3F61B /* LumbarTableViewController.swift */,
				7D3A29CA1E68FE9600F3F61B /* LumbarTableViewCell.swift */,
				7D3A29C01E68FCDA00F3F61B /* CaderaTableViewController.swift */,
				7D3A29C61E68FE5700F3F61B /* CaderaTableViewCell.swift */,
				7D3A29C21E68FCEC00F3F61B /* RodillaTableViewController.swift */,
				7D3A29C81E68FE6D00F3F61B /* RodillaTableViewCell.swift */,
				7D3A29BE1E68D57100F3F61B /* PieTableViewController.swift */,
				7D3A29BC1E68D54000F3F61B /* PieTableViewCell.swift */,
				7D1375751E4E9477000A6A67 /* Assets.xcassets */,
				7D650E3F1E7174A2003349EE /* infoViewController.swift */,
				7D1375771E4E9477000A6A67 /* LaunchScreen.storyboard */,
				7D13757A1E4E9477000A6A67 /* Info.plist */,
			);
			path = FinalTests;
			sourceTree = "<group>";
		};
/* End PBXGroup section */

/* Begin PBXNativeTarget section */
		7D13756A1E4E9477000A6A67 /* FinalTests */ = {
			isa = PBXNativeTarget;
			buildConfigurationList = 7D13757D1E4E9477000A6A67 /* Build configuration list for PBXNativeTarget "FinalTests" */;
			buildPhases = (
				7D1375671E4E9477000A6A67 /* Sources */,
				7D1375681E4E9477000A6A67 /* Frameworks */,
				7D1375691E4E9477000A6A67 /* Resources */,
			);
			buildRules = (
			);
			dependencies = (
			);
			name = FinalTests;
			productName = FinalTests;
			productReference = 7D13756B1E4E9477000A6A67 /* FinalTests.app */;
			productType = "com.apple.product-type.application";
		};
/* End PBXNativeTarget section */

/* Begin PBXProject section */
		7D1375631E4E9477000A6A67 /* Project object */ = {
			isa = PBXProject;
			attributes = {
				LastSwiftUpdateCheck = 0800;
				LastUpgradeCheck = 0830;
				ORGANIZATIONNAME = "Juan carlos";
				TargetAttributes = {
					7D13756A1E4E9477000A6A67 = {
						CreatedOnToolsVersion = 8.0;
						DevelopmentTeam = JBGK2DQZ3H;
						ProvisioningStyle = Automatic;
					};
				};
			};
			buildConfigurationList = 7D1375661E4E9477000A6A67 /* Build configuration list for PBXProject "FinalTests" */;
			compatibilityVersion = "Xcode 3.2";
			developmentRegion = English;
			hasScannedForEncodings = 0;
			knownRegions = (
				en,
				Base,
			);
			mainGroup = 7D1375621E4E9477000A6A67;
			productRefGroup = 7D13756C1E4E9477000A6A67 /* Products */;
			projectDirPath = "";
			projectRoot = "";
			targets = (
				7D13756A1E4E9477000A6A67 /* FinalTests */,
			);
		};
/* End PBXProject section */

/* Begin PBXResourcesBuildPhase section */
		7D1375691E4E9477000A6A67 /* Resources */ = {
			isa = PBXResourcesBuildPhase;
			buildActionMask = 2147483647;
			files = (
				7D1375791E4E9477000A6A67 /* LaunchScreen.storyboard in Resources */,
				7D1375761E4E9477000A6A67 /* Assets.xcassets in Resources */,
				7D1375741E4E9477000A6A67 /* Main.storyboard in Resources */,
			);
			runOnlyForDeploymentPostprocessing = 0;
		};
/* End PBXResourcesBuildPhase section */

/* Begin PBXSourcesBuildPhase section */
		7D1375671E4E9477000A6A67 /* Sources */ = {
			isa = PBXSourcesBuildPhase;
			buildActionMask = 2147483647;
			files = (
				7D3A29C31E68FCEC00F3F61B /* RodillaTableViewController.swift in Sources */,
				7D32A1501E559F7A00535096 /* CodoTableViewController.swift in Sources */,
				7D650E401E7174A2003349EE /* infoViewController.swift in Sources */,
				7D3A29C11E68FCDA00F3F61B /* CaderaTableViewController.swift in Sources */,
				7D3A29C91E68FE6D00F3F61B /* RodillaTableViewCell.swift in Sources */,
				7D2F7FCB1E4F8E9600C37F67 /* HombroTableViewCell.swift in Sources */,
				7D3A29BD1E68D54000F3F61B /* PieTableViewCell.swift in Sources */,
				7D2F7FC11E4F1BC700C37F67 /* HombroTableViewController.swift in Sources */,
				7D2F7FC31E4F1D2600C37F67 /* Test.swift in Sources */,
				7DA8E9E21E61B5180011A391 /* CervicalTableViewController.swift in Sources */,
				7D3A29C51E68FD0400F3F61B /* LumbarTableViewController.swift in Sources */,
				7DA8E9E41E61B59E0011A391 /* CervicalTableViewCell.swift in Sources */,
				7D7D97BF1E61A263009A8451 /* ManoTableViewCell.swift in Sources */,
				7D7AA1691E572CD500A5CA95 /* TestDetailViewCell.swift in Sources */,
				7D1375711E4E9477000A6A67 /* ViewController.swift in Sources */,
				7D3A29CB1E68FE9600F3F61B /* LumbarTableViewCell.swift in Sources */,
				7D7D97BD1E61A0FD009A8451 /* ManoTableViewController.swift in Sources */,
				7D32A1541E55A02D00535096 /* CodoTableViewCell.swift in Sources */,
				7D3A29C71E68FE5700F3F61B /* CaderaTableViewCell.swift in Sources */,
				7D13756F1E4E9477000A6A67 /* AppDelegate.swift in Sources */,
				7D34A72C1E5724A800E447F4 /* DetailViewController.swift in Sources */,
				7D3A29BF1E68D57100F3F61B /* PieTableViewController.swift in Sources */,
			);
			runOnlyForDeploymentPostprocessing = 0;
		};
/* End PBXSourcesBuildPhase section */

/* Begin PBXVariantGroup section */
		7D1375721E4E9477000A6A67 /* Main.storyboard */ = {
			isa = PBXVariantGroup;
			children = (
				7D1375731E4E9477000A6A67 /* Base */,
			);
			name = Main.storyboard;
			sourceTree = "<group>";
		};
		7D1375771E4E9477000A6A67 /* LaunchScreen.storyboard */ = {
			isa = PBXVariantGroup;
			children = (
				7D1375781E4E9477000A6A67 /* Base */,
			);
			name = LaunchScreen.storyboard;
			sourceTree = "<group>";
		};
/* End PBXVariantGroup section */

/* Begin XCBuildConfiguration section */
		7D13757B1E4E9477000A6A67 /* Debug */ = {
			isa = XCBuildConfiguration;
			buildSettings = {
				ALWAYS_SEARCH_USER_PATHS = NO;
				CLANG_ANALYZER_NONNULL = YES;
				CLANG_CXX_LANGUAGE_STANDARD = "gnu++0x";
				CLANG_CXX_LIBRARY = "libc++";
				CLANG_ENABLE_MODULES = YES;
				CLANG_ENABLE_OBJC_ARC = YES;
				CLANG_WARN_BOOL_CONVERSION = YES;
				CLANG_WARN_CONSTANT_CONVERSION = YES;
				CLANG_WARN_DIRECT_OBJC_ISA_USAGE = YES_ERROR;
				CLANG_WARN_DOCUMENTATION_COMMENTS = YES;
				CLANG_WARN_EMPTY_BODY = YES;
				CLANG_WARN_ENUM_CONVERSION = YES;
				CLANG_WARN_INFINITE_RECURSION = YES;
				CLANG_WARN_INT_CONVERSION = YES;
				CLANG_WARN_OBJC_ROOT_CLASS = YES_ERROR;
				CLANG_WARN_SUSPICIOUS_MOVE = YES;
				CLANG_WARN_SUSPICIOUS_MOVES = YES;
				CLANG_WARN_UNREACHABLE_CODE = YES;
				CLANG_WARN__DUPLICATE_METHOD_MATCH = YES;
				"CODE_SIGN_IDENTITY[sdk=iphoneos*]" = "iPhone Developer";
				COPY_PHASE_STRIP = NO;
				DEBUG_INFORMATION_FORMAT = dwarf;
				ENABLE_STRICT_OBJC_MSGSEND = YES;
				ENABLE_TESTABILITY = YES;
				GCC_C_LANGUAGE_STANDARD = gnu99;
				GCC_DYNAMIC_NO_PIC = NO;
				GCC_NO_COMMON_BLOCKS = YES;
				GCC_OPTIMIZATION_LEVEL = 0;
				GCC_PREPROCESSOR_DEFINITIONS = (
					"DEBUG=1",
					"$(inherited)",
				);
				GCC_WARN_64_TO_32_BIT_CONVERSION = YES;
				GCC_WARN_ABOUT_RETURN_TYPE = YES_ERROR;
				GCC_WARN_UNDECLARED_SELECTOR = YES;
				GCC_WARN_UNINITIALIZED_AUTOS = YES_AGGRESSIVE;
				GCC_WARN_UNUSED_FUNCTION = YES;
				GCC_WARN_UNUSED_VARIABLE = YES;
				IPHONEOS_DEPLOYMENT_TARGET = 10.3;
				MTL_ENABLE_DEBUG_INFO = YES;
				ONLY_ACTIVE_ARCH = YES;
				SDKROOT = iphoneos;
				SWIFT_ACTIVE_COMPILATION_CONDITIONS = DEBUG;
				SWIFT_OPTIMIZATION_LEVEL = "-Onone";
				TARGETED_DEVICE_FAMILY = "1,2";
			};
			name = Debug;
		};
		7D13757C1E4E9477000A6A67 /* Release */ = {
			isa = XCBuildConfiguration;
			buildSettings = {
				ALWAYS_SEARCH_USER_PATHS = NO;
				CLANG_ANALYZER_NONNULL = YES;
				CLANG_CXX_LANGUAGE_STANDARD = "gnu++0x";
				CLANG_CXX_LIBRARY = "libc++";
				CLANG_ENABLE_MODULES = YES;
				CLANG_ENABLE_OBJC_ARC = YES;
				CLANG_WARN_BOOL_CONVERSION = YES;
				CLANG_WARN_CONSTANT_CONVERSION = YES;
				CLANG_WARN_DIRECT_OBJC_ISA_USAGE = YES_ERROR;
				CLANG_WARN_DOCUMENTATION_COMMENTS = YES;
				CLANG_WARN_EMPTY_BODY = YES;
				CLANG_WARN_ENUM_CONVERSION = YES;
				CLANG_WARN_INFINITE_RECURSION = YES;
				CLANG_WARN_INT_CONVERSION = YES;
				CLANG_WARN_OBJC_ROOT_CLASS = YES_ERROR;
				CLANG_WARN_SUSPICIOUS_MOVE = YES;
				CLANG_WARN_SUSPICIOUS_MOVES = YES;
				CLANG_WARN_UNREACHABLE_CODE = YES;
				CLANG_WARN__DUPLICATE_METHOD_MATCH = YES;
				"CODE_SIGN_IDENTITY[sdk=iphoneos*]" = "iPhone Developer";
				COPY_PHASE_STRIP = NO;
				DEBUG_INFORMATION_FORMAT = "dwarf-with-dsym";
				ENABLE_NS_ASSERTIONS = NO;
				ENABLE_STRICT_OBJC_MSGSEND = YES;
				GCC_C_LANGUAGE_STANDARD = gnu99;
				GCC_NO_COMMON_BLOCKS = YES;
				GCC_WARN_64_TO_32_BIT_CONVERSION = YES;
				GCC_WARN_ABOUT_RETURN_TYPE = YES_ERROR;
				GCC_WARN_UNDECLARED_SELECTOR = YES;
				GCC_WARN_UNINITIALIZED_AUTOS = YES_AGGRESSIVE;
				GCC_WARN_UNUSED_FUNCTION = YES;
				GCC_WARN_UNUSED_VARIABLE = YES;
				IPHONEOS_DEPLOYMENT_TARGET = 10.3;
				MTL_ENABLE_DEBUG_INFO = NO;
				SDKROOT = iphoneos;
				SWIFT_OPTIMIZATION_LEVEL = "-Owholemodule";
				TARGETED_DEVICE_FAMILY = "1,2";
				VALIDATE_PRODUCT = YES;
			};
			name = Release;
		};
		7D13757E1E4E9477000A6A67 /* Debug */ = {
			isa = XCBuildConfiguration;
			buildSettings = {
				ASSETCATALOG_COMPILER_APPICON_NAME = AppIcon;
				DEVELOPMENT_TEAM = JBGK2DQZ3H;
				INFOPLIST_FILE = FinalTests/Info.plist;
				IPHONEOS_DEPLOYMENT_TARGET = 9.0;
				LD_RUNPATH_SEARCH_PATHS = "$(inherited) @executable_path/Frameworks";
				PRODUCT_BUNDLE_IDENTIFIER = com.juanca.FinalTests;
				PRODUCT_NAME = "$(TARGET_NAME)";
				SWIFT_VERSION = 3.0;
				TARGETED_DEVICE_FAMILY = 1;
			};
			name = Debug;
		};
		7D13757F1E4E9477000A6A67 /* Release */ = {
			isa = XCBuildConfiguration;
			buildSettings = {
				ASSETCATALOG_COMPILER_APPICON_NAME = AppIcon;
				DEVELOPMENT_TEAM = JBGK2DQZ3H;
				INFOPLIST_FILE = FinalTests/Info.plist;
				IPHONEOS_DEPLOYMENT_TARGET = 9.0;
				LD_RUNPATH_SEARCH_PATHS = "$(inherited) @executable_path/Frameworks";
				PRODUCT_BUNDLE_IDENTIFIER = com.juanca.FinalTests;
				PRODUCT_NAME = "$(TARGET_NAME)";
				SWIFT_VERSION = 3.0;
				TARGETED_DEVICE_FAMILY = 1;
			};
			name = Release;
		};
/* End XCBuildConfiguration section */

/* Begin XCConfigurationList section */
		7D1375661E4E9477000A6A67 /* Build configuration list for PBXProject "FinalTests" */ = {
			isa = XCConfigurationList;
			buildConfigurations = (
				7D13757B1E4E9477000A6A67 /* Debug */,
				7D13757C1E4E9477000A6A67 /* Release */,
			);
			defaultConfigurationIsVisible = 0;
			defaultConfigurationName = Release;
		};
		7D13757D1E4E9477000A6A67 /* Build configuration list for PBXNativeTarget "FinalTests" */ = {
			isa = XCConfigurationList;
			buildConfigurations = (
				7D13757E1E4E9477000A6A67 /* Debug */,
				7D13757F1E4E9477000A6A67 /* Release */,
			);
			defaultConfigurationIsVisible = 0;
			defaultConfigurationName = Release;
		};
/* End XCConfigurationList section */
	};
	rootObject = 7D1375631E4E9477000A6A67 /* Project object */;
}
